// !$*UTF8*$!
{
	archiveVersion = 1;
	classes = {
	};
	objectVersion = 46;
	objects = {

/* Begin PBXBuildFile section */
		0EFC8BE01BDE128500FE74AA /* main.m in Sources */ = {isa = PBXBuildFile; fileRef = 0EFC8BDF1BDE128500FE74AA /* main.m */; };
		0EFC8BE31BDE128500FE74AA /* AppDelegate.m in Sources */ = {isa = PBXBuildFile; fileRef = 0EFC8BE21BDE128500FE74AA /* AppDelegate.m */; };
		0EFC8BE61BDE128500FE74AA /* ViewController.m in Sources */ = {isa = PBXBuildFile; fileRef = 0EFC8BE51BDE128500FE74AA /* ViewController.m */; };
		0EFC8BE91BDE128500FE74AA /* Main.storyboard in Resources */ = {isa = PBXBuildFile; fileRef = 0EFC8BE71BDE128500FE74AA /* Main.storyboard */; };
		0EFC8BEB1BDE128500FE74AA /* Assets.xcassets in Resources */ = {isa = PBXBuildFile; fileRef = 0EFC8BEA1BDE128500FE74AA /* Assets.xcassets */; };
		0EFC8BEE1BDE128500FE74AA /* LaunchScreen.storyboard in Resources */ = {isa = PBXBuildFile; fileRef = 0EFC8BEC1BDE128500FE74AA /* LaunchScreen.storyboard */; };
		0EFC8BF91BDE128500FE74AA /* RemmberTests.m in Sources */ = {isa = PBXBuildFile; fileRef = 0EFC8BF81BDE128500FE74AA /* RemmberTests.m */; };
		0EFC8C041BDE128500FE74AA /* RemmberUITests.m in Sources */ = {isa = PBXBuildFile; fileRef = 0EFC8C031BDE128500FE74AA /* RemmberUITests.m */; };
/* End PBXBuildFile section */

/* Begin PBXContainerItemProxy section */
		0EFC8BF51BDE128500FE74AA /* PBXContainerItemProxy */ = {
			isa = PBXContainerItemProxy;
			containerPortal = 0EFC8BD31BDE128400FE74AA /* Project object */;
			proxyType = 1;
			remoteGlobalIDString = 0EFC8BDA1BDE128500FE74AA;
			remoteInfo = Remmber;
		};
		0EFC8C001BDE128500FE74AA /* PBXContainerItemProxy */ = {
			isa = PBXContainerItemProxy;
			containerPortal = 0EFC8BD31BDE128400FE74AA /* Project object */;
			proxyType = 1;
			remoteGlobalIDString = 0EFC8BDA1BDE128500FE74AA;
			remoteInfo = Remmber;
		};
/* End PBXContainerItemProxy section */

/* Begin PBXFileReference section */
		0EFC8BDB1BDE128500FE74AA /* Remmber.app */ = {isa = PBXFileReference; explicitFileType = wrapper.application; includeInIndex = 0; path = Remmber.app; sourceTree = BUILT_PRODUCTS_DIR; };
		0EFC8BDF1BDE128500FE74AA /* main.m */ = {isa = PBXFileReference; lastKnownFileType = sourcecode.c.objc; path = main.m; sourceTree = "<group>"; };
		0EFC8BE11BDE128500FE74AA /* AppDelegate.h */ = {isa = PBXFileReference; lastKnownFileType = sourcecode.c.h; path = AppDelegate.h; sourceTree = "<group>"; };
		0EFC8BE21BDE128500FE74AA /* AppDelegate.m */ = {isa = PBXFileReference; lastKnownFileType = sourcecode.c.objc; path = AppDelegate.m; sourceTree = "<group>"; };
		0EFC8BE41BDE128500FE74AA /* ViewController.h */ = {isa = PBXFileReference; lastKnownFileType = sourcecode.c.h; path = ViewController.h; sourceTree = "<group>"; };
		0EFC8BE51BDE128500FE74AA /* ViewController.m */ = {isa = PBXFileReference; lastKnownFileType = sourcecode.c.objc; path = ViewController.m; sourceTree = "<group>"; };
		0EFC8BE81BDE128500FE74AA /* Base */ = {isa = PBXFileReference; lastKnownFileType = file.storyboard; name = Base; path = Base.lproj/Main.storyboard; sourceTree = "<group>"; };
		0EFC8BEA1BDE128500FE74AA /* Assets.xcassets */ = {isa = PBXFileReference; lastKnownFileType = folder.assetcatalog; path = Assets.xcassets; sourceTree = "<group>"; };
		0EFC8BED1BDE128500FE74AA /* Base */ = {isa = PBXFileReference; lastKnownFileType = file.storyboard; name = Base; path = Base.lproj/LaunchScreen.storyboard; sourceTree = "<group>"; };
		0EFC8BEF1BDE128500FE74AA /* Info.plist */ = {isa = PBXFileReference; lastKnownFileType = text.plist.xml; path = Info.plist; sourceTree = "<group>"; };
		0EFC8BF41BDE128500FE74AA /* RemmberTests.xctest */ = {isa = PBXFileReference; explicitFileType = wrapper.cfbundle; includeInIndex = 0; path = RemmberTests.xctest; sourceTree = BUILT_PRODUCTS_DIR; };
		0EFC8BF81BDE128500FE74AA /* RemmberTests.m */ = {isa = PBXFileReference; lastKnownFileType = sourcecode.c.objc; path = RemmberTests.m; sourceTree = "<group>"; };
		0EFC8BFA1BDE128500FE74AA /* Info.plist */ = {isa = PBXFileReference; lastKnownFileType = text.plist.xml; path = Info.plist; sourceTree = "<group>"; };
		0EFC8BFF1BDE128500FE74AA /* RemmberUITests.xctest */ = {isa = PBXFileReference; explicitFileType = wrapper.cfbundle; includeInIndex = 0; path = RemmberUITests.xctest; sourceTree = BUILT_PRODUCTS_DIR; };
		0EFC8C031BDE128500FE74AA /* RemmberUITests.m */ = {isa = PBXFileReference; lastKnownFileType = sourcecode.c.objc; path = RemmberUITests.m; sourceTree = "<group>"; };
		0EFC8C051BDE128500FE74AA /* Info.plist */ = {isa = PBXFileReference; lastKnownFileType = text.plist.xml; path = Info.plist; sourceTree = "<group>"; };
/* End PBXFileReference section */

/* Begin PBXFrameworksBuildPhase section */
		0EFC8BD81BDE128500FE74AA /* Frameworks */ = {
			isa = PBXFrameworksBuildPhase;
			buildActionMask = 2147483647;
			files = (
			);
			runOnlyForDeploymentPostprocessing = 0;
		};
		0EFC8BF11BDE128500FE74AA /* Frameworks */ = {
			isa = PBXFrameworksBuildPhase;
			buildActionMask = 2147483647;
			files = (
			);
			runOnlyForDeploymentPostprocessing = 0;
		};
		0EFC8BFC1BDE128500FE74AA /* Frameworks */ = {
			isa = PBXFrameworksBuildPhase;
			buildActionMask = 2147483647;
			files = (
			);
			runOnlyForDeploymentPostprocessing = 0;
		};
/* End PBXFrameworksBuildPhase section */

/* Begin PBXGroup section */
		0EFC8BD21BDE128400FE74AA = {
			isa = PBXGroup;
			children = (
				0EFC8BDD1BDE128500FE74AA /* Remmber */,
				0EFC8BF71BDE128500FE74AA /* RemmberTests */,
				0EFC8C021BDE128500FE74AA /* RemmberUITests */,
				0EFC8BDC1BDE128500FE74AA /* Products */,
			);
			sourceTree = "<group>";
		};
		0EFC8BDC1BDE128500FE74AA /* Products */ = {
			isa = PBXGroup;
			children = (
				0EFC8BDB1BDE128500FE74AA /* Remmber.app */,
				0EFC8BF41BDE128500FE74AA /* RemmberTests.xctest */,
				0EFC8BFF1BDE128500FE74AA /* RemmberUITests.xctest */,
			);
			name = Products;
			sourceTree = "<group>";
		};
		0EFC8BDD1BDE128500FE74AA /* Remmber */ = {
			isa = PBXGroup;
			children = (
				0EFC8BE11BDE128500FE74AA /* AppDelegate.h */,
				0EFC8BE21BDE128500FE74AA /* AppDelegate.m */,
				0EFC8BE41BDE128500FE74AA /* ViewController.h */,
				0EFC8BE51BDE128500FE74AA /* ViewController.m */,
				0EFC8BE71BDE128500FE74AA /* Main.storyboard */,
				0EFC8BEA1BDE128500FE74AA /* Assets.xcassets */,
				0EFC8BEC1BDE128500FE74AA /* LaunchScreen.storyboard */,
				0EFC8BEF1BDE128500FE74AA /* Info.plist */,
				0EFC8BDE1BDE128500FE74AA /* Supporting Files */,
			);
			path = Remmber;
			sourceTree = "<group>";
		};
		0EFC8BDE1BDE128500FE74AA /* Supporting Files */ = {
			isa = PBXGroup;
			children = (
				0EFC8BDF1BDE128500FE74AA /* main.m */,
			);
			name = "Supporting Files";
			sourceTree = "<group>";
		};
		0EFC8BF71BDE128500FE74AA /* RemmberTests */ = {
			isa = PBXGroup;
			children = (
				0EFC8BF81BDE128500FE74AA /* RemmberTests.m */,
				0EFC8BFA1BDE128500FE74AA /* Info.plist */,
			);
			path = RemmberTests;
			sourceTree = "<group>";
		};
		0EFC8C021BDE128500FE74AA /* RemmberUITests */ = {
			isa = PBXGroup;
			children = (
				0EFC8C031BDE128500FE74AA /* RemmberUITests.m */,
				0EFC8C051BDE128500FE74AA /* Info.plist */,
			);
			path = RemmberUITests;
			sourceTree = "<group>";
		};
/* End PBXGroup section */

/* Begin PBXNativeTarget section */
		0EFC8BDA1BDE128500FE74AA /* Remmber */ = {
			isa = PBXNativeTarget;
			buildConfigurationList = 0EFC8C081BDE128500FE74AA /* Build configuration list for PBXNativeTarget "Remmber" */;
			buildPhases = (
				0EFC8BD71BDE128500FE74AA /* Sources */,
				0EFC8BD81BDE128500FE74AA /* Frameworks */,
				0EFC8BD91BDE128500FE74AA /* Resources */,
			);
			buildRules = (
			);
			dependencies = (
			);
			name = Remmber;
			productName = Remmber;
			productReference = 0EFC8BDB1BDE128500FE74AA /* Remmber.app */;
			productType = "com.apple.product-type.application";
		};
		0EFC8BF31BDE128500FE74AA /* RemmberTests */ = {
			isa = PBXNativeTarget;
			buildConfigurationList = 0EFC8C0B1BDE128500FE74AA /* Build configuration list for PBXNativeTarget "RemmberTests" */;
			buildPhases = (
				0EFC8BF01BDE128500FE74AA /* Sources */,
				0EFC8BF11BDE128500FE74AA /* Frameworks */,
				0EFC8BF21BDE128500FE74AA /* Resources */,
			);
			buildRules = (
			);
			dependencies = (
				0EFC8BF61BDE128500FE74AA /* PBXTargetDependency */,
			);
			name = RemmberTests;
			productName = RemmberTests;
			productReference = 0EFC8BF41BDE128500FE74AA /* RemmberTests.xctest */;
			productType = "com.apple.product-type.bundle.unit-test";
		};
		0EFC8BFE1BDE128500FE74AA /* RemmberUITests */ = {
			isa = PBXNativeTarget;
			buildConfigurationList = 0EFC8C0E1BDE128500FE74AA /* Build configuration list for PBXNativeTarget "RemmberUITests" */;
			buildPhases = (
				0EFC8BFB1BDE128500FE74AA /* Sources */,
				0EFC8BFC1BDE128500FE74AA /* Frameworks */,
				0EFC8BFD1BDE128500FE74AA /* Resources */,
			);
			buildRules = (
			);
			dependencies = (
				0EFC8C011BDE128500FE74AA /* PBXTargetDependency */,
			);
			name = RemmberUITests;
			productName = RemmberUITests;
			productReference = 0EFC8BFF1BDE128500FE74AA /* RemmberUITests.xctest */;
			productType = "com.apple.product-type.bundle.ui-testing";
		};
/* End PBXNativeTarget section */

/* Begin PBXProject section */
		0EFC8BD31BDE128400FE74AA /* Project object */ = {
			isa = PBXProject;
			attributes = {
				LastUpgradeCheck = 0700;
				ORGANIZATIONNAME = "何锦坤";
				TargetAttributes = {
					0EFC8BDA1BDE128500FE74AA = {
						CreatedOnToolsVersion = 7.0;
					};
					0EFC8BF31BDE128500FE74AA = {
						CreatedOnToolsVersion = 7.0;
						TestTargetID = 0EFC8BDA1BDE128500FE74AA;
					};
					0EFC8BFE1BDE128500FE74AA = {
						CreatedOnToolsVersion = 7.0;
						TestTargetID = 0EFC8BDA1BDE128500FE74AA;
					};
				};
			};
			buildConfigurationList = 0EFC8BD61BDE128400FE74AA /* Build configuration list for PBXProject "Remmber" */;
			compatibilityVersion = "Xcode 3.2";
			developmentRegion = English;
			hasScannedForEncodings = 0;
			knownRegions = (
				en,
				Base,
			);
			mainGroup = 0EFC8BD21BDE128400FE74AA;
			productRefGroup = 0EFC8BDC1BDE128500FE74AA /* Products */;
			projectDirPath = "";
			projectRoot = "";
			targets = (
				0EFC8BDA1BDE128500FE74AA /* Remmber */,
				0EFC8BF31BDE128500FE74AA /* RemmberTests */,
				0EFC8BFE1BDE128500FE74AA /* RemmberUITests */,
			);
		};
/* End PBXProject section */

/* Begin PBXResourcesBuildPhase section */
		0EFC8BD91BDE128500FE74AA /* Resources */ = {
			isa = PBXResourcesBuildPhase;
			buildActionMask = 2147483647;
			files = (
				0EFC8BEE1BDE128500FE74AA /* LaunchScreen.storyboard in Resources */,
				0EFC8BEB1BDE128500FE74AA /* Assets.xcassets in Resources */,
				0EFC8BE91BDE128500FE74AA /* Main.storyboard in Resources */,
			);
			runOnlyForDeploymentPostprocessing = 0;
		};
		0EFC8BF21BDE128500FE74AA /* Resources */ = {
			isa = PBXResourcesBuildPhase;
			buildActionMask = 2147483647;
			files = (
			);
			runOnlyForDeploymentPostprocessing = 0;
		};
		0EFC8BFD1BDE128500FE74AA /* Resources */ = {
			isa = PBXResourcesBuildPhase;
			buildActionMask = 2147483647;
			files = (
			);
			runOnlyForDeploymentPostprocessing = 0;
		};
/* End PBXResourcesBuildPhase section */

/* Begin PBXSourcesBuildPhase section */
		0EFC8BD71BDE128500FE74AA /* Sources */ = {
			isa = PBXSourcesBuildPhase;
			buildActionMask = 2147483647;
			files = (
				0EFC8BE61BDE128500FE74AA /* ViewController.m in Sources */,
				0EFC8BE31BDE128500FE74AA /* AppDelegate.m in Sources */,
				0EFC8BE01BDE128500FE74AA /* main.m in Sources */,
			);
			runOnlyForDeploymentPostprocessing = 0;
		};
		0EFC8BF01BDE128500FE74AA /* Sources */ = {
			isa = PBXSourcesBuildPhase;
			buildActionMask = 2147483647;
			files = (
				0EFC8BF91BDE128500FE74AA /* RemmberTests.m in Sources */,
			);
			runOnlyForDeploymentPostprocessing = 0;
		};
		0EFC8BFB1BDE128500FE74AA /* Sources */ = {
			isa = PBXSourcesBuildPhase;
			buildActionMask = 2147483647;
			files = (
				0EFC8C041BDE128500FE74AA /* RemmberUITests.m in Sources */,
			);
			runOnlyForDeploymentPostprocessing = 0;
		};
/* End PBXSourcesBuildPhase section */

/* Begin PBXTargetDependency section */
		0EFC8BF61BDE128500FE74AA /* PBXTargetDependency */ = {
			isa = PBXTargetDependency;
			target = 0EFC8BDA1BDE128500FE74AA /* Remmber */;
			targetProxy = 0EFC8BF51BDE128500FE74AA /* PBXContainerItemProxy */;
		};
		0EFC8C011BDE128500FE74AA /* PBXTargetDependency */ = {
			isa = PBXTargetDependency;
			target = 0EFC8BDA1BDE128500FE74AA /* Remmber */;
			targetProxy = 0EFC8C001BDE128500FE74AA /* PBXContainerItemProxy */;
		};
/* End PBXTargetDependency section */

/* Begin PBXVariantGroup section */
		0EFC8BE71BDE128500FE74AA /* Main.storyboard */ = {
			isa = PBXVariantGroup;
			children = (
				0EFC8BE81BDE128500FE74AA /* Base */,
			);
			name = Main.storyboard;
			sourceTree = "<group>";
		};
		0EFC8BEC1BDE128500FE74AA /* LaunchScreen.storyboard */ = {
			isa = PBXVariantGroup;
			children = (
				0EFC8BED1BDE128500FE74AA /* Base */,
			);
			name = LaunchScreen.storyboard;
			sourceTree = "<group>";
		};
/* End PBXVariantGroup section */

/* Begin XCBuildConfiguration section */
		0EFC8C061BDE128500FE74AA /* Debug */ = {
			isa = XCBuildConfiguration;
			buildSettings = {
				ALWAYS_SEARCH_USER_PATHS = NO;
				CLANG_CXX_LANGUAGE_STANDARD = "gnu++0x";
				CLANG_CXX_LIBRARY = "libc++";
				CLANG_ENABLE_MODULES = YES;
				CLANG_ENABLE_OBJC_ARC = YES;
				CLANG_WARN_BOOL_CONVERSION = YES;
				CLANG_WARN_CONSTANT_CONVERSION = YES;
				CLANG_WARN_DIRECT_OBJC_ISA_USAGE = YES_ERROR;
				CLANG_WARN_EMPTY_BODY = YES;
				CLANG_WARN_ENUM_CONVERSION = YES;
				CLANG_WARN_INT_CONVERSION = YES;
				CLANG_WARN_OBJC_ROOT_CLASS = YES_ERROR;
				CLANG_WARN_UNREACHABLE_CODE = YES;
				CLANG_WARN__DUPLICATE_METHOD_MATCH = YES;
				"CODE_SIGN_IDENTITY[sdk=iphoneos*]" = "iPhone Developer";
				COPY_PHASE_STRIP = NO;
				DEBUG_INFORMATION_FORMAT = dwarf;
				ENABLE_STRICT_OBJC_MSGSEND = YES;
				ENABLE_TESTABILITY = YES;
				GCC_C_LANGUAGE_STANDARD = gnu99;
				GCC_DYNAMIC_NO_PIC = NO;
				GCC_NO_COMMON_BLOCKS = YES;
				GCC_OPTIMIZATION_LEVEL = 0;
				GCC_PREPROCESSOR_DEFINITIONS = (
					"DEBUG=1",
					"$(inherited)",
				);
				GCC_WARN_64_TO_32_BIT_CONVERSION = YES;
				GCC_WARN_ABOUT_RETURN_TYPE = YES_ERROR;
				GCC_WARN_UNDECLARED_SELECTOR = YES;
				GCC_WARN_UNINITIALIZED_AUTOS = YES_AGGRESSIVE;
				GCC_WARN_UNUSED_FUNCTION = YES;
				GCC_WARN_UNUSED_VARIABLE = YES;
				IPHONEOS_DEPLOYMENT_TARGET = 9.0;
				MTL_ENABLE_DEBUG_INFO = YES;
				ONLY_ACTIVE_ARCH = YES;
				SDKROOT = iphoneos;
			};
			name = Debug;
		};
		0EFC8C071BDE128500FE74AA /* Release */ = {
			isa = XCBuildConfiguration;
			buildSettings = {
				ALWAYS_SEARCH_USER_PATHS = NO;
				CLANG_CXX_LANGUAGE_STANDARD = "gnu++0x";
				CLANG_CXX_LIBRARY = "libc++";
				CLANG_ENABLE_MODULES = YES;
				CLANG_ENABLE_OBJC_ARC = YES;
				CLANG_WARN_BOOL_CONVERSION = YES;
				CLANG_WARN_CONSTANT_CONVERSION = YES;
				CLANG_WARN_DIRECT_OBJC_ISA_USAGE = YES_ERROR;
				CLANG_WARN_EMPTY_BODY = YES;
				CLANG_WARN_ENUM_CONVERSION = YES;
				CLANG_WARN_INT_CONVERSION = YES;
				CLANG_WARN_OBJC_ROOT_CLASS = YES_ERROR;
				CLANG_WARN_UNREACHABLE_CODE = YES;
				CLANG_WARN__DUPLICATE_METHOD_MATCH = YES;
				"CODE_SIGN_IDENTITY[sdk=iphoneos*]" = "iPhone Developer";
				COPY_PHASE_STRIP = NO;
				DEBUG_INFORMATION_FORMAT = "dwarf-with-dsym";
				ENABLE_NS_ASSERTIONS = NO;
				ENABLE_STRICT_OBJC_MSGSEND = YES;
				GCC_C_LANGUAGE_STANDARD = gnu99;
				GCC_NO_COMMON_BLOCKS = YES;
				GCC_WARN_64_TO_32_BIT_CONVERSION = YES;
				GCC_WARN_ABOUT_RETURN_TYPE = YES_ERROR;
				GCC_WARN_UNDECLARED_SELECTOR = YES;
				GCC_WARN_UNINITIALIZED_AUTOS = YES_AGGRESSIVE;
				GCC_WARN_UNUSED_FUNCTION = YES;
				GCC_WARN_UNUSED_VARIABLE = YES;
				IPHONEOS_DEPLOYMENT_TARGET = 9.0;
				MTL_ENABLE_DEBUG_INFO = NO;
				SDKROOT = iphoneos;
				VALIDATE_PRODUCT = YES;
			};
			name = Release;
		};
		0EFC8C091BDE128500FE74AA /* Debug */ = {
			isa = XCBuildConfiguration;
			buildSettings = {
				ASSETCATALOG_COMPILER_APPICON_NAME = AppIcon;
				INFOPLIST_FILE = Remmber/Info.plist;
				LD_RUNPATH_SEARCH_PATHS = "$(inherited) @executable_path/Frameworks";
				PRODUCT_BUNDLE_IDENTIFIER = com.goldon.Remmber;
				PRODUCT_NAME = "$(TARGET_NAME)";
			};
			name = Debug;
		};
		0EFC8C0A1BDE128500FE74AA /* Release */ = {
			isa = XCBuildConfiguration;
			buildSettings = {
				ASSETCATALOG_COMPILER_APPICON_NAME = AppIcon;
				INFOPLIST_FILE = Remmber/Info.plist;
				LD_RUNPATH_SEARCH_PATHS = "$(inherited) @executable_path/Frameworks";
				PRODUCT_BUNDLE_IDENTIFIER = com.goldon.Remmber;
				PRODUCT_NAME = "$(TARGET_NAME)";
			};
			name = Release;
		};
		0EFC8C0C1BDE128500FE74AA /* Debug */ = {
			isa = XCBuildConfiguration;
			buildSettings = {
				BUNDLE_LOADER = "$(TEST_HOST)";
				INFOPLIST_FILE = RemmberTests/Info.plist;
				LD_RUNPATH_SEARCH_PATHS = "$(inherited) @executable_path/Frameworks @loader_path/Frameworks";
				PRODUCT_BUNDLE_IDENTIFIER = com.goldon.RemmberTests;
				PRODUCT_NAME = "$(TARGET_NAME)";
				TEST_HOST = "$(BUILT_PRODUCTS_DIR)/Remmber.app/Remmber";
			};
			name = Debug;
		};
		0EFC8C0D1BDE128500FE74AA /* Release */ = {
			isa = XCBuildConfiguration;
			buildSettings = {
				BUNDLE_LOADER = "$(TEST_HOST)";
				INFOPLIST_FILE = RemmberTests/Info.plist;
				LD_RUNPATH_SEARCH_PATHS = "$(inherited) @executable_path/Frameworks @loader_path/Frameworks";
				PRODUCT_BUNDLE_IDENTIFIER = com.goldon.RemmberTests;
				PRODUCT_NAME = "$(TARGET_NAME)";
				TEST_HOST = "$(BUILT_PRODUCTS_DIR)/Remmber.app/Remmber";
			};
			name = Release;
		};
		0EFC8C0F1BDE128500FE74AA /* Debug */ = {
			isa = XCBuildConfiguration;
			buildSettings = {
				INFOPLIST_FILE = RemmberUITests/Info.plist;
				LD_RUNPATH_SEARCH_PATHS = "$(inherited) @executable_path/Frameworks @loader_path/Frameworks";
				PRODUCT_BUNDLE_IDENTIFIER = com.goldon.RemmberUITests;
				PRODUCT_NAME = "$(TARGET_NAME)";
				TEST_TARGET_NAME = Remmber;
				USES_XCTRUNNER = YES;
			};
			name = Debug;
		};
		0EFC8C101BDE128500FE74AA /* Release */ = {
			isa = XCBuildConfiguration;
			buildSettings = {
				INFOPLIST_FILE = RemmberUITests/Info.plist;
				LD_RUNPATH_SEARCH_PATHS = "$(inherited) @executable_path/Frameworks @loader_path/Frameworks";
				PRODUCT_BUNDLE_IDENTIFIER = com.goldon.RemmberUITests;
				PRODUCT_NAME = "$(TARGET_NAME)";
				TEST_TARGET_NAME = Remmber;
				USES_XCTRUNNER = YES;
			};
			name = Release;
		};
/* End XCBuildConfiguration section */

/* Begin XCConfigurationList section */
		0EFC8BD61BDE128400FE74AA /* Build configuration list for PBXProject "Remmber" */ = {
			isa = XCConfigurationList;
			buildConfigurations = (
				0EFC8C061BDE128500FE74AA /* Debug */,
				0EFC8C071BDE128500FE74AA /* Release */,
			);
			defaultConfigurationIsVisible = 0;
			defaultConfigurationName = Release;
		};
		0EFC8C081BDE128500FE74AA /* Build configuration list for PBXNativeTarget "Remmber" */ = {
			isa = XCConfigurationList;
			buildConfigurations = (
				0EFC8C091BDE128500FE74AA /* Debug */,
				0EFC8C0A1BDE128500FE74AA /* Release */,
			);
			defaultConfigurationIsVisible = 0;
		};
		0EFC8C0B1BDE128500FE74AA /* Build configuration list for PBXNativeTarget "RemmberTests" */ = {
			isa = XCConfigurationList;
			buildConfigurations = (
				0EFC8C0C1BDE128500FE74AA /* Debug */,
				0EFC8C0D1BDE128500FE74AA /* Release */,
			);
			defaultConfigurationIsVisible = 0;
		};
		0EFC8C0E1BDE128500FE74AA /* Build configuration list for PBXNativeTarget "RemmberUITests" */ = {
			isa = XCConfigurationList;
			buildConfigurations = (
				0EFC8C0F1BDE128500FE74AA /* Debug */,
				0EFC8C101BDE128500FE74AA /* Release */,
			);
			defaultConfigurationIsVisible = 0;
		};
/* End XCConfigurationList section */
	};
	rootObject = 0EFC8BD31BDE128400FE74AA /* Project object */;
}
